<?xml version="1.0" encoding="utf-8"?>
<Project ToolsVersion="4.0" xmlns="http://schemas.microsoft.com/developer/msbuild/2003">
  <ItemGroup>
    <Filter Include="Common">
      <UniqueIdentifier>{46bab8ee-e200-4e7d-ad04-9978f677b30c}</UniqueIdentifier>
    </Filter>
    <Filter Include="Common\Windows">
      <UniqueIdentifier>{cc955d2d-afe3-42fb-baf8-14a7963b3d2e}</UniqueIdentifier>
    </Filter>
    <Filter Include="Common\EditModes">
      <UniqueIdentifier>{f901adb4-9363-46a6-b4b6-f9ab4c7b73c2}</UniqueIdentifier>
    </Filter>
    <Filter Include="Common\EntityWrappers">
      <UniqueIdentifier>{ebb56fb3-c8a8-49a8-b0cd-a3a04f3a64a3}</UniqueIdentifier>
    </Filter>
    <Filter Include="Common\Actions">
      <UniqueIdentifier>{7c84e661-2893-40c9-88ba-4cf623714e9a}</UniqueIdentifier>
    </Filter>
    <Filter Include="ParticleEditor">
      <UniqueIdentifier>{4e1193c7-1655-47c5-bcdf-3337cfb9068c}</UniqueIdentifier>
    </Filter>
    <Filter Include="NewStuff">
      <UniqueIdentifier>{86234d84-a702-4c7a-82a3-a02f7ef015e8}</UniqueIdentifier>
    </Filter>
  </ItemGroup>
  <ItemGroup>
    <ClCompile Include="..\common\EditorAxisAlignedPlane.cpp">
      <Filter>Common</Filter>
    </ClCompile>
    <ClCompile Include="..\common\EditorBaseClasses.cpp">
      <Filter>Common</Filter>
    </ClCompile>
    <ClCompile Include="..\common\EditorClipPlane.cpp">
      <Filter>Common</Filter>
    </ClCompile>
    <ClCompile Include="..\common\EditorEditMode.cpp">
      <Filter>Common</Filter>
    </ClCompile>
    <ClCompile Include="..\common\EditorGrid.cpp">
      <Filter>Common</Filter>
    </ClCompile>
    <ClCompile Include="..\common\EditorHelper.cpp">
      <Filter>Common</Filter>
    </ClCompile>
    <ClCompile Include="..\common\EditorIndex.cpp">
      <Filter>Common</Filter>
    </ClCompile>
    <ClCompile Include="..\common\EditorInput.cpp">
      <Filter>Common</Filter>
    </ClCompile>
    <ClCompile Include="..\common\EditorSelection.cpp">
      <Filter>Common</Filter>
    </ClCompile>
    <ClCompile Include="..\common\EditorThumbnailBuilder.cpp">
      <Filter>Common</Filter>
    </ClCompile>
    <ClCompile Include="..\common\EditorUserClassDefinitionManager.cpp">
      <Filter>Common</Filter>
    </ClCompile>
    <ClCompile Include="..\common\EditorVar.cpp">
      <Filter>Common</Filter>
    </ClCompile>
    <ClCompile Include="..\common\EditorViewport.cpp">
      <Filter>Common</Filter>
    </ClCompile>
    <ClCompile Include="..\common\EditorWindowEditModeSidebar.cpp">
      <Filter>Common</Filter>
    </ClCompile>
    <ClCompile Include="..\common\EditorWindowLowerToolbar.cpp">
      <Filter>Common</Filter>
    </ClCompile>
    <ClCompile Include="..\common\EditorWindowSoundBrowser.cpp">
      <Filter>Common</Filter>
    </ClCompile>
    <ClCompile Include="..\common\EditorWorld.cpp">
      <Filter>Common</Filter>
    </ClCompile>
    <ClCompile Include="..\common\EngineEntity.cpp">
      <Filter>Common</Filter>
    </ClCompile>
    <ClCompile Include="..\common\EntityIcon.cpp">
      <Filter>Common</Filter>
    </ClCompile>
    <ClCompile Include="..\common\EntityPicker.cpp">
      <Filter>Common</Filter>
    </ClCompile>
    <ClCompile Include="..\common\StdAfx.cpp">
      <Filter>Common</Filter>
    </ClCompile>
    <ClCompile Include="..\common\SurfacePicker.cpp">
      <Filter>Common</Filter>
    </ClCompile>
    <ClCompile Include="..\common\EditorWindow.cpp">
      <Filter>Common\Windows</Filter>
    </ClCompile>
    <ClCompile Include="..\common\EditorWindowEntityEditBox.cpp">
      <Filter>Common\Windows</Filter>
    </ClCompile>
    <ClCompile Include="..\common\EditorWindowEntityEditBoxCompound.cpp">
      <Filter>Common\Windows</Filter>
    </ClCompile>
    <ClCompile Include="..\common\EditorWindowEntityEditBoxGroup.cpp">
      <Filter>Common\Windows</Filter>
    </ClCompile>
    <ClCompile Include="..\common\EditorWindowEntitySearch.cpp">
      <Filter>Common\Windows</Filter>
    </ClCompile>
    <ClCompile Include="..\common\EditorWindowFactory.cpp">
      <Filter>Common\Windows</Filter>
    </ClCompile>
    <ClCompile Include="..\common\EditorWindowLoaderStatus.cpp">
      <Filter>Common\Windows</Filter>
    </ClCompile>
    <ClCompile Include="..\common\EditorWindowMaterialEditor.cpp">
      <Filter>Common\Windows</Filter>
    </ClCompile>
    <ClCompile Include="..\common\EditorWindowOptions.cpp">
      <Filter>Common\Windows</Filter>
    </ClCompile>
    <ClCompile Include="..\common\EditorWindowSelect.cpp">
      <Filter>Common\Windows</Filter>
    </ClCompile>
    <ClCompile Include="..\common\EditorWindowTextureBrowser.cpp">
      <Filter>Common\Windows</Filter>
    </ClCompile>
    <ClCompile Include="..\common\EditorWindowViewport.cpp">
      <Filter>Common\Windows</Filter>
    </ClCompile>
    <ClCompile Include="..\common\EditorEditModeSelect.cpp">
      <Filter>Common\EditModes</Filter>
    </ClCompile>
    <ClCompile Include="..\common\EditorEditModeSelectTool.cpp">
      <Filter>Common\EditModes</Filter>
    </ClCompile>
    <ClCompile Include="..\common\EditorEditModeSelectToolRotate.cpp">
      <Filter>Common\EditModes</Filter>
    </ClCompile>
    <ClCompile Include="..\common\EditorEditModeSelectToolScale.cpp">
      <Filter>Common\EditModes</Filter>
    </ClCompile>
    <ClCompile Include="..\common\EditorEditModeSelectToolTranslate.cpp">
      <Filter>Common\EditModes</Filter>
    </ClCompile>
    <ClCompile Include="..\common\EntityWrapper.cpp">
      <Filter>Common\EntityWrappers</Filter>
    </ClCompile>
    <ClCompile Include="..\common\EntityWrapperCompoundObject.cpp">
      <Filter>Common\EntityWrappers</Filter>
    </ClCompile>
    <ClCompile Include="EntityWrapperParticleEmitter.cpp">
      <Filter>Common\EntityWrappers</Filter>
    </ClCompile>
    <ClCompile Include="..\common\EditorAction.cpp">
      <Filter>Common\Actions</Filter>
    </ClCompile>
    <ClCompile Include="..\common\EditorActionCompoundObject.cpp">
      <Filter>Common\Actions</Filter>
    </ClCompile>
    <ClCompile Include="..\common\EditorActionEntity.cpp">
      <Filter>Common\Actions</Filter>
    </ClCompile>
    <ClCompile Include="..\common\EditorActionHandler.cpp">
      <Filter>Common\Actions</Filter>
    </ClCompile>
    <ClCompile Include="..\common\EditorActionMisc.cpp">
      <Filter>Common\Actions</Filter>
    </ClCompile>
    <ClCompile Include="..\common\EditorActionSelection.cpp">
      <Filter>Common\Actions</Filter>
    </ClCompile>
    <ClCompile Include="BuildID_ParticleEditor_Win32.cpp">
      <Filter>ParticleEditor</Filter>
    </ClCompile>
    <ClCompile Include="ParticleEditor.cpp">
      <Filter>ParticleEditor</Filter>
    </ClCompile>
    <ClCompile Include="ParticleEditorActions.cpp">
      <Filter>ParticleEditor</Filter>
    </ClCompile>
    <ClCompile Include="ParticleEditorMain.cpp">
      <Filter>ParticleEditor</Filter>
    </ClCompile>
    <ClCompile Include="ParticleEditorWindowEmitterParams.cpp">
      <Filter>ParticleEditor</Filter>
    </ClCompile>
    <ClCompile Include="ParticleEditorWindowEmitters.cpp">
      <Filter>ParticleEditor</Filter>
    </ClCompile>
    <ClCompile Include="ParticleEditorWorld.cpp">
      <Filter>ParticleEditor</Filter>
    </ClCompile>
    <ClCompile Include="..\common\DirectoryHandler.cpp">
      <Filter>NewStuff</Filter>
    </ClCompile>
  </ItemGroup>
  <ItemGroup>
    <ClInclude Include="..\common\EditorAxisAlignedPlane.h">
      <Filter>Common</Filter>
    </ClInclude>
    <ClInclude Include="..\common\EditorBaseClasses.h">
      <Filter>Common</Filter>
    </ClInclude>
    <ClInclude Include="..\common\EditorClipPlane.h">
      <Filter>Common</Filter>
    </ClInclude>
    <ClInclude Include="..\common\EditorEditMode.h">
      <Filter>Common</Filter>
    </ClInclude>
    <ClInclude Include="..\common\EditorGrid.h">
      <Filter>Common</Filter>
    </ClInclude>
    <ClInclude Include="..\common\EditorHelper.h">
      <Filter>Common</Filter>
    </ClInclude>
    <ClInclude Include="..\common\EditorIndex.h">
      <Filter>Common</Filter>
    </ClInclude>
    <ClInclude Include="..\common\EditorInput.h">
      <Filter>Common</Filter>
    </ClInclude>
    <ClInclude Include="..\common\EditorSelection.h">
      <Filter>Common</Filter>
    </ClInclude>
    <ClInclude Include="..\common\EditorThumbnailBuilder.h">
      <Filter>Common</Filter>
    </ClInclude>
    <ClInclude Include="..\common\EditorTypes.h">
      <Filter>Common</Filter>
    </ClInclude>
    <ClInclude Include="..\common\EditorUserClassDefinitionManager.h">
      <Filter>Common</Filter>
    </ClInclude>
    <ClInclude Include="..\common\EditorVar.h">
      <Filter>Common</Filter>
    </ClInclude>
    <ClInclude Include="..\common\EditorViewport.h">
      <Filter>Common</Filter>
    </ClInclude>
    <ClInclude Include="..\common\EditorWindowEditModeSidebar.h">
      <Filter>Common</Filter>
    </ClInclude>
    <ClInclude Include="..\common\EditorWindowLowerToolbar.h">
      <Filter>Common</Filter>
    </ClInclude>
    <ClInclude Include="..\common\EditorWindowSoundBrowser.h">
      <Filter>Common</Filter>
    </ClInclude>
    <ClInclude Include="..\common\EditorWorld.h">
      <Filter>Common</Filter>
    </ClInclude>
    <ClInclude Include="..\common\EngineEntity.h">
      <Filter>Common</Filter>
    </ClInclude>
    <ClInclude Include="..\common\EntityIcon.h">
      <Filter>Common</Filter>
    </ClInclude>
    <ClInclude Include="..\common\EntityPicker.h">
      <Filter>Common</Filter>
    </ClInclude>
    <ClInclude Include="..\common\StdAfx.h">
      <Filter>Common</Filter>
    </ClInclude>
    <ClInclude Include="..\common\SurfacePicker.h">
      <Filter>Common</Filter>
    </ClInclude>
    <ClInclude Include="..\common\EditorWindow.h">
      <Filter>Common\Windows</Filter>
    </ClInclude>
    <ClInclude Include="..\common\EditorWindowEntityEditBox.h">
      <Filter>Common\Windows</Filter>
    </ClInclude>
    <ClInclude Include="..\common\EditorWindowEntityEditBoxCompound.h">
      <Filter>Common\Windows</Filter>
    </ClInclude>
    <ClInclude Include="..\common\EditorWindowEntityEditBoxGroup.h">
      <Filter>Common\Windows</Filter>
    </ClInclude>
    <ClInclude Include="..\common\EditorWindowEntitySearch.h">
      <Filter>Common\Windows</Filter>
    </ClInclude>
    <ClInclude Include="..\common\EditorWindowFactory.h">
      <Filter>Common\Windows</Filter>
    </ClInclude>
    <ClInclude Include="..\common\EditorWindowLoaderStatus.h">
      <Filter>Common\Windows</Filter>
    </ClInclude>
    <ClInclude Include="..\common\EditorWindowMaterialEditor.h">
      <Filter>Common\Windows</Filter>
    </ClInclude>
    <ClInclude Include="..\common\EditorWindowOptions.h">
      <Filter>Common\Windows</Filter>
    </ClInclude>
    <ClInclude Include="..\common\EditorWindowSelect.h">
      <Filter>Common\Windows</Filter>
    </ClInclude>
    <ClInclude Include="..\common\EditorWindowTextureBrowser.h">
      <Filter>Common\Windows</Filter>
    </ClInclude>
    <ClInclude Include="..\common\EditorWindowViewport.h">
      <Filter>Common\Windows</Filter>
    </ClInclude>
    <ClInclude Include="..\common\EditorEditModeSelect.h">
      <Filter>Common\EditModes</Filter>
    </ClInclude>
    <ClInclude Include="..\common\EditorEditModeSelectTool.h">
      <Filter>Common\EditModes</Filter>
    </ClInclude>
    <ClInclude Include="..\common\EditorEditModeSelectToolRotate.h">
      <Filter>Common\EditModes</Filter>
    </ClInclude>
    <ClInclude Include="..\common\EditorEditModeSelectToolScale.h">
      <Filter>Common\EditModes</Filter>
    </ClInclude>
    <ClInclude Include="..\common\EditorEditModeSelectToolTranslate.h">
      <Filter>Common\EditModes</Filter>
    </ClInclude>
    <ClInclude Include="..\common\EntityWrapper.h">
      <Filter>Common\EntityWrappers</Filter>
    </ClInclude>
    <ClInclude Include="..\common\EntityWrapperCompoundObject.h">
      <Filter>Common\EntityWrappers</Filter>
    </ClInclude>
    <ClInclude Include="EntityWrapperParticleEmitter.h">
      <Filter>Common\EntityWrappers</Filter>
    </ClInclude>
    <ClInclude Include="..\common\EditorAction.h">
      <Filter>Common\Actions</Filter>
    </ClInclude>
    <ClInclude Include="..\common\EditorActionCompoundObject.h">
      <Filter>Common\Actions</Filter>
    </ClInclude>
    <ClInclude Include="..\common\EditorActionEntity.h">
      <Filter>Common\Actions</Filter>
    </ClInclude>
    <ClInclude Include="..\common\EditorActionHandler.h">
      <Filter>Common\Actions</Filter>
    </ClInclude>
    <ClInclude Include="..\common\EditorActionMisc.h">
      <Filter>Common\Actions</Filter>
    </ClInclude>
    <ClInclude Include="..\common\EditorActionSelection.h">
      <Filter>Common\Actions</Filter>
    </ClInclude>
    <ClInclude Include="BuildID_ParticleEditor.h">
      <Filter>ParticleEditor</Filter>
    </ClInclude>
    <ClInclude Include="ParticleEditor.h">
      <Filter>ParticleEditor</Filter>
    </ClInclude>
    <ClInclude Include="ParticleEditorActions.h">
      <Filter>ParticleEditor</Filter>
    </ClInclude>
    <ClInclude Include="ParticleEditorTypes.h">
      <Filter>ParticleEditor</Filter>
    </ClInclude>
    <ClInclude Include="ParticleEditorWindowEmitterParams.h">
      <Filter>ParticleEditor</Filter>
    </ClInclude>
    <ClInclude Include="ParticleEditorWindowEmitters.h">
      <Filter>ParticleEditor</Filter>
    </ClInclude>
    <ClInclude Include="ParticleEditorWorld.h">
      <Filter>ParticleEditor</Filter>
    </ClInclude>
    <ClInclude Include="..\common\DirectoryHandler.h">
      <Filter>NewStuff</Filter>
    </ClInclude>
  </ItemGroup>
  <ItemGroup>
    <None Include="buildcounterinput.txt">
      <Filter>ParticleEditor</Filter>
    </None>
  </ItemGroup>
</Project>